
Microsoft Visual Studio Solution File, Format Version 12.00
# Visual Studio Version 17
VisualStudioVersion = 17.11.35303.130
MinimumVisualStudioVersion = 10.0.40219.1
Project("{9A19103F-16F7-4668-BE54-9A1E7A4F7556}") = "WorkerService", "WorkerService\WorkerService.csproj", "{DAC7AE7C-22F0-4626-BC8C-3DBAB2DF2BFC}"
EndProject
Project("{FAE04EC0-301F-11D3-BF4B-00C04F79EFBC}") = "WorkerService1", "WorkerService1\WorkerService1.csproj", "{99F30FE1-1FFF-40AD-8719-4134C478B065}"
EndProject
Global
	GlobalSection(SolutionConfigurationPlatforms) = preSolution
		Debug|Any CPU = Debug|Any CPU
		Release|Any CPU = Release|Any CPU
	EndGlobalSection
	GlobalSection(ProjectConfigurationPlatforms) = postSolution
		{DAC7AE7C-22F0-4626-BC8C-3DBAB2DF2BFC}.Debug|Any CPU.ActiveCfg = Debug|Any CPU
		{DAC7AE7C-22F0-4626-BC8C-3DBAB2DF2BFC}.Debug|Any CPU.Build.0 = Debug|Any CPU
		{DAC7AE7C-22F0-4626-BC8C-3DBAB2DF2BFC}.Release|Any CPU.ActiveCfg = Release|Any CPU
		{DAC7AE7C-22F0-4626-BC8C-3DBAB2DF2BFC}.Release|Any CPU.Build.0 = Release|Any CPU
		{99F30FE1-1FFF-40AD-8719-4134C478B065}.Debug|Any CPU.ActiveCfg = Debug|Any CPU
		{99F30FE1-1FFF-40AD-8719-4134C478B065}.Debug|Any CPU.Build.0 = Debug|Any CPU
		{99F30FE1-1FFF-40AD-8719-4134C478B065}.Release|Any CPU.ActiveCfg = Release|Any CPU
		{99F30FE1-1FFF-40AD-8719-4134C478B065}.Release|Any CPU.Build.0 = Release|Any CPU
	EndGlobalSection
	GlobalSection(SolutionProperties) = preSolution
		HideSolutionNode = FALSE
	EndGlobalSection
	GlobalSection(ExtensibilityGlobals) = postSolution
		SolutionGuid = {70754F29-E6C4-4CC7-8769-18B81EA9BFC3}
	EndGlobalSection
EndGlobal
